# This file is automatically @generated by Poetry 2.2.1 and should not be changed by hand.

[[package]]
name = "chrono"
version = "1.0.2"
description = "A (BSD licensed) context manager for timing execution."
optional = false
python-versions = "*"
groups = ["main"]
files = [
    {file = "chrono-1.0.2-py2.py3-none-any.whl", hash = "sha256:91c0905cafe915579984ac18c8da631301391e44e9102945eefeadb8498af84b"},
    {file = "chrono-1.0.2.tar.gz", hash = "sha256:4bf8daa17229cd6df6ef59a96e6c43b845a1df94555190a3117505815685198c"},
]

[metadata]
lock-version = "2.1"
python-versions = ">=3.13"
content-hash = "7a4f0747880a9dd954d25f5ea1183dd47c4115a1d31db041bf3eff156092d237"
